
Microsoft Visual Studio Solution File, Format Version 12.00
# Visual Studio Version 17
VisualStudioVersion = 17.9.34728.123
MinimumVisualStudioVersion = 10.0.40219.1
Project("{FAE04EC0-301F-11D3-BF4B-00C04F79EFBC}") = "PustakaCeriaGUI", "PustakaCeriaGUI\PustakaCeriaGUI.csproj", "{EF52675B-F1FA-4B0B-B7E1-5F427981E3AB}"
EndProject
Global
	GlobalSection(SolutionConfigurationPlatforms) = preSolution
		Debug|Any CPU = Debug|Any CPU
		Release|Any CPU = Release|Any CPU
	EndGlobalSection
	GlobalSection(ProjectConfigurationPlatforms) = postSolution
		{EF52675B-F1FA-4B0B-B7E1-5F427981E3AB}.Debug|Any CPU.ActiveCfg = Debug|Any CPU
		{EF52675B-F1FA-4B0B-B7E1-5F427981E3AB}.Debug|Any CPU.Build.0 = Debug|Any CPU
		{EF52675B-F1FA-4B0B-B7E1-5F427981E3AB}.Release|Any CPU.ActiveCfg = Release|Any CPU
		{EF52675B-F1FA-4B0B-B7E1-5F427981E3AB}.Release|Any CPU.Build.0 = Release|Any CPU
	EndGlobalSection
	GlobalSection(SolutionProperties) = preSolution
		HideSolutionNode = FALSE
	EndGlobalSection
	GlobalSection(ExtensibilityGlobals) = postSolution
		SolutionGuid = {FEBAE43A-2CD3-46F4-8E0E-EA31DA2EFAF1}
	EndGlobalSection
EndGlobal
